
Microsoft Visual Studio Solution File, Format Version 12.00
# Visual Studio Version 16
VisualStudioVersion = 16.0.32602.291
MinimumVisualStudioVersion = 10.0.40219.1
Project("{FAE04EC0-301F-11D3-BF4B-00C04F79EFBC}") = "MVCProject", "MVCProject\MVCProject.csproj", "{329BDA6D-2816-4853-9DAF-274B7F50FA33}"
EndProject
Project("{FAE04EC0-301F-11D3-BF4B-00C04F79EFBC}") = "NoteWeb", "NoteWeb\NoteWeb.csproj", "{ACAD07F3-26C3-4CAB-8CFF-E9BA6F54E39B}"
EndProject
Global
	GlobalSection(SolutionConfigurationPlatforms) = preSolution
		Debug|Any CPU = Debug|Any CPU
		Release|Any CPU = Release|Any CPU
	EndGlobalSection
	GlobalSection(ProjectConfigurationPlatforms) = postSolution
		{329BDA6D-2816-4853-9DAF-274B7F50FA33}.Debug|Any CPU.ActiveCfg = Debug|Any CPU
		{329BDA6D-2816-4853-9DAF-274B7F50FA33}.Debug|Any CPU.Build.0 = Debug|Any CPU
		{329BDA6D-2816-4853-9DAF-274B7F50FA33}.Release|Any CPU.ActiveCfg = Release|Any CPU
		{329BDA6D-2816-4853-9DAF-274B7F50FA33}.Release|Any CPU.Build.0 = Release|Any CPU
		{ACAD07F3-26C3-4CAB-8CFF-E9BA6F54E39B}.Debug|Any CPU.ActiveCfg = Debug|Any CPU
		{ACAD07F3-26C3-4CAB-8CFF-E9BA6F54E39B}.Debug|Any CPU.Build.0 = Debug|Any CPU
		{ACAD07F3-26C3-4CAB-8CFF-E9BA6F54E39B}.Release|Any CPU.ActiveCfg = Release|Any CPU
		{ACAD07F3-26C3-4CAB-8CFF-E9BA6F54E39B}.Release|Any CPU.Build.0 = Release|Any CPU
	EndGlobalSection
	GlobalSection(SolutionProperties) = preSolution
		HideSolutionNode = FALSE
	EndGlobalSection
	GlobalSection(ExtensibilityGlobals) = postSolution
		SolutionGuid = {F3205D06-C1CA-48AA-9CF8-2B68DDFB7529}
	EndGlobalSection
EndGlobal
